{
  "name": "wesl-cpu",
  "version": "1.0.0",
  "lockfileVersion": 3,
  "requires": true,
  "packages": {
    "": {
      "name": "wesl-cpu",
      "version": "1.0.0",
      "license": "LGPL-3.0-only",
      "devDependencies": {
        "@webgpu/types": "^0.1.50"
      }
    },
    "node_modules/@webgpu/types": {
      "version": "0.1.50",
      "resolved": "https://registry.npmjs.org/@webgpu/types/-/types-0.1.50.tgz",
      "integrity": "sha512-GjG3CQV7SyWk/lEXqFPuKchRPHIBbD317Gj8NUqqB+UOnQlOYtjGLCTRIWzO9Ta698LVzlBCSE9XKqBSWpIDmg==",
      "dev": true,
      "license": "BSD-3-Clause"
    }
  }
}
